
Microsoft Visual Studio Solution File, Format Version 12.00
# Visual Studio Version 17
VisualStudioVersion = 17.9.34902.65
MinimumVisualStudioVersion = 10.0.40219.1
Project("{FAE04EC0-301F-11D3-BF4B-00C04F79EFBC}") = "yandex api test", "yandex api test\yandex api test.csproj", "{8ADCB772-5D0D-4B41-8A78-875B8D250D69}"
EndProject
Global
	GlobalSection(SolutionConfigurationPlatforms) = preSolution
		Debug|Any CPU = Debug|Any CPU
		Release|Any CPU = Release|Any CPU
	EndGlobalSection
	GlobalSection(ProjectConfigurationPlatforms) = postSolution
		{8ADCB772-5D0D-4B41-8A78-875B8D250D69}.Debug|Any CPU.ActiveCfg = Debug|Any CPU
		{8ADCB772-5D0D-4B41-8A78-875B8D250D69}.Debug|Any CPU.Build.0 = Debug|Any CPU
		{8ADCB772-5D0D-4B41-8A78-875B8D250D69}.Release|Any CPU.ActiveCfg = Release|Any CPU
		{8ADCB772-5D0D-4B41-8A78-875B8D250D69}.Release|Any CPU.Build.0 = Release|Any CPU
	EndGlobalSection
	GlobalSection(SolutionProperties) = preSolution
		HideSolutionNode = FALSE
	EndGlobalSection
	GlobalSection(ExtensibilityGlobals) = postSolution
		SolutionGuid = {6776CDFF-70CA-4093-B737-291029DA6ABC}
	EndGlobalSection
EndGlobal
